
Microsoft Visual Studio Solution File, Format Version 12.00
# Visual Studio Version 16
VisualStudioVersion = 16.0.30320.27
MinimumVisualStudioVersion = 10.0.40219.1
Project("{2150E333-8FDC-42A3-9474-1A3956D46DE8}") = "src", "src", "{64F77CE9-0655-4169-8AA6-2FDC96975740}"
EndProject
Project("{2150E333-8FDC-42A3-9474-1A3956D46DE8}") = "test", "test", "{0944AA82-EEF5-45F7-8CD7-02B1808154BE}"
EndProject
Project("{9A19103F-16F7-4668-BE54-9A1E7A4F7556}") = "PKT.GoogleAuthenticator", "src\PKT.GoogleAuthenticator\PKT.GoogleAuthenticator.csproj", "{542990C1-B36C-4EF9-B3CF-D6E11B1FDDA9}"
EndProject
Project("{9A19103F-16F7-4668-BE54-9A1E7A4F7556}") = "PKT.GoogleAuthenticator.Test", "test\PKT.GoogleAuthenticator.Test\PKT.GoogleAuthenticator.Test.csproj", "{9EC360E5-0FD1-47C3-ACCC-EE32AE6AF878}"
EndProject
Global
	GlobalSection(SolutionConfigurationPlatforms) = preSolution
		Debug|Any CPU = Debug|Any CPU
		Release|Any CPU = Release|Any CPU
	EndGlobalSection
	GlobalSection(ProjectConfigurationPlatforms) = postSolution
		{542990C1-B36C-4EF9-B3CF-D6E11B1FDDA9}.Debug|Any CPU.ActiveCfg = Debug|Any CPU
		{542990C1-B36C-4EF9-B3CF-D6E11B1FDDA9}.Debug|Any CPU.Build.0 = Debug|Any CPU
		{542990C1-B36C-4EF9-B3CF-D6E11B1FDDA9}.Release|Any CPU.ActiveCfg = Release|Any CPU
		{542990C1-B36C-4EF9-B3CF-D6E11B1FDDA9}.Release|Any CPU.Build.0 = Release|Any CPU
		{9EC360E5-0FD1-47C3-ACCC-EE32AE6AF878}.Debug|Any CPU.ActiveCfg = Debug|Any CPU
		{9EC360E5-0FD1-47C3-ACCC-EE32AE6AF878}.Debug|Any CPU.Build.0 = Debug|Any CPU
		{9EC360E5-0FD1-47C3-ACCC-EE32AE6AF878}.Release|Any CPU.ActiveCfg = Release|Any CPU
		{9EC360E5-0FD1-47C3-ACCC-EE32AE6AF878}.Release|Any CPU.Build.0 = Release|Any CPU
	EndGlobalSection
	GlobalSection(SolutionProperties) = preSolution
		HideSolutionNode = FALSE
	EndGlobalSection
	GlobalSection(NestedProjects) = preSolution
		{542990C1-B36C-4EF9-B3CF-D6E11B1FDDA9} = {64F77CE9-0655-4169-8AA6-2FDC96975740}
		{9EC360E5-0FD1-47C3-ACCC-EE32AE6AF878} = {0944AA82-EEF5-45F7-8CD7-02B1808154BE}
	EndGlobalSection
	GlobalSection(ExtensibilityGlobals) = postSolution
		SolutionGuid = {8F3844AD-5D55-43C8-9A98-0C40FDBF7828}
	EndGlobalSection
EndGlobal
